<?xml version="1.0" encoding="utf-8"?>
<Project ToolsVersion="4.0" xmlns="http://schemas.microsoft.com/developer/msbuild/2003">
  <ItemGroup>
    <Filter Include="Source Files">
      <UniqueIdentifier>{4FC737F1-C7A5-4376-A066-2A32D752A2FF}</UniqueIdentifier>
      <Extensions>cpp;c;cc;cxx;def;odl;idl;hpj;bat;asm;asmx</Extensions>
    </Filter>
    <Filter Include="Header Files">
      <UniqueIdentifier>{93995380-89BD-4b04-88EB-625FBE52EBFB}</UniqueIdentifier>
      <Extensions>h;hh;hpp;hxx;hm;inl;inc;xsd</Extensions>
    </Filter>
    <Filter Include="Resource Files">
      <UniqueIdentifier>{67DA6AB6-F800-4c08-8B7A-83BB121AAD01}</UniqueIdentifier>
      <Extensions>rc;ico;cur;bmp;dlg;rc2;rct;bin;rgs;gif;jpg;jpeg;jpe;resx;tiff;tif;png;wav</Extensions>
    </Filter>
  </ItemGroup>
  <ItemGroup>
    <ClCompile Include=".metadata\.plugins\org.eclipse.cdt.make.core\specs.cpp">
      <Filter>Source Files</Filter>
    </ClCompile>
    <ClCompile Include=".metadata\.plugins\org.eclipse.cdt.make.core\specs.c">
      <Filter>Source Files</Filter>
    </ClCompile>
    <ClCompile Include="src\Building.cpp">
      <Filter>Source Files</Filter>
    </ClCompile>
    <ClCompile Include="src\Cooling.cpp">
      <Filter>Source Files</Filter>
    </ClCompile>
    <ClCompile Include="src\EndUses.cpp">
      <Filter>Source Files</Filter>
    </ClCompile>
    <ClCompile Include="src\EpwData.cpp">
      <Filter>Source Files</Filter>
    </ClCompile>
    <ClCompile Include="src\ForwardTranslator.cpp">
      <Filter>Source Files</Filter>
    </ClCompile>
    <ClCompile Include="src\Heating.cpp">
      <Filter>Source Files</Filter>
    </ClCompile>
    <ClCompile Include="src\ISOHourly.cpp">
      <Filter>Source Files</Filter>
    </ClCompile>
    <ClCompile Include="src\Lighting.cpp">
      <Filter>Source Files</Filter>
    </ClCompile>
    <ClCompile Include="src\Location.cpp">
      <Filter>Source Files</Filter>
    </ClCompile>
    <ClCompile Include="src\Matrix.cpp">
      <Filter>Source Files</Filter>
    </ClCompile>
    <ClCompile Include="src\Population.cpp">
      <Filter>Source Files</Filter>
    </ClCompile>
    <ClCompile Include="src\SimModel.cpp">
      <Filter>Source Files</Filter>
    </ClCompile>
    <ClCompile Include="src\SolarRadiation.cpp">
      <Filter>Source Files</Filter>
    </ClCompile>
    <ClCompile Include="src\Structure.cpp">
      <Filter>Source Files</Filter>
    </ClCompile>
    <ClCompile Include="src\TimeFrame.cpp">
      <Filter>Source Files</Filter>
    </ClCompile>
    <ClCompile Include="src\UserModel.cpp">
      <Filter>Source Files</Filter>
    </ClCompile>
    <ClCompile Include="src\Vector.cpp">
      <Filter>Source Files</Filter>
    </ClCompile>
    <ClCompile Include="src\Ventilation.cpp">
      <Filter>Source Files</Filter>
    </ClCompile>
    <ClCompile Include="src\WeatherData.cpp">
      <Filter>Source Files</Filter>
    </ClCompile>
  </ItemGroup>
  <ItemGroup>
    <ClInclude Include="src\isomodel\Building.hpp">
      <Filter>Header Files</Filter>
    </ClInclude>
    <ClInclude Include="src\isomodel\Cooling.hpp">
      <Filter>Header Files</Filter>
    </ClInclude>
    <ClInclude Include="src\isomodel\EpwData.hpp">
      <Filter>Header Files</Filter>
    </ClInclude>
    <ClInclude Include="src\isomodel\ForwardTranslator.hpp">
      <Filter>Header Files</Filter>
    </ClInclude>
    <ClInclude Include="src\isomodel\Heating.hpp">
      <Filter>Header Files</Filter>
    </ClInclude>
    <ClInclude Include="src\isomodel\ISOHourly.hpp">
      <Filter>Header Files</Filter>
    </ClInclude>
    <ClInclude Include="src\isomodel\ISOModelAPI.hpp">
      <Filter>Header Files</Filter>
    </ClInclude>
    <ClInclude Include="src\isomodel\Lighting.hpp">
      <Filter>Header Files</Filter>
    </ClInclude>
    <ClInclude Include="src\isomodel\Location.hpp">
      <Filter>Header Files</Filter>
    </ClInclude>
    <ClInclude Include="src\isomodel\Population.hpp">
      <Filter>Header Files</Filter>
    </ClInclude>
    <ClInclude Include="src\isomodel\SimModel.hpp">
      <Filter>Header Files</Filter>
    </ClInclude>
    <ClInclude Include="src\isomodel\SolarRadiation.hpp">
      <Filter>Header Files</Filter>
    </ClInclude>
    <ClInclude Include="src\isomodel\Structure.hpp">
      <Filter>Header Files</Filter>
    </ClInclude>
    <ClInclude Include="src\isomodel\TimeFrame.hpp">
      <Filter>Header Files</Filter>
    </ClInclude>
    <ClInclude Include="src\isomodel\UserModel.hpp">
      <Filter>Header Files</Filter>
    </ClInclude>
    <ClInclude Include="src\isomodel\Ventilation.hpp">
      <Filter>Header Files</Filter>
    </ClInclude>
    <ClInclude Include="src\isomodel\WeatherData.hpp">
      <Filter>Header Files</Filter>
    </ClInclude>
    <ClInclude Include="src\utilities\data\EndUses.hpp">
      <Filter>Header Files</Filter>
    </ClInclude>
    <ClInclude Include="src\utilities\data\Matrix.hpp">
      <Filter>Header Files</Filter>
    </ClInclude>
    <ClInclude Include="src\utilities\data\Vector.hpp">
      <Filter>Header Files</Filter>
    </ClInclude>
  </ItemGroup>
</Project>